
Microsoft Visual Studio Solution File, Format Version 12.00
# Visual Studio Version 17
VisualStudioVersion = 17.0.31903.59
MinimumVisualStudioVersion = 10.0.40219.1
Project("{2150E333-8FDC-42A3-9474-1A3956D46DE8}") = "src", "src", "{D6B550BD-0EBD-422A-AB09-F205BAD28E8E}"
EndProject
Project("{FAE04EC0-301F-11D3-BF4B-00C04F79EFBC}") = "Gnome.Sys", "src\Sys\Gnome.Sys.csproj", "{662DE543-2534-4B1B-8039-975369B8E54F}"
EndProject
Project("{FAE04EC0-301F-11D3-BF4B-00C04F79EFBC}") = "Gnome.Shared", "src\Shared\Gnome.Shared.csproj", "{167B0436-811E-4325-9B2B-70782DD08F34}"
EndProject
Project("{2150E333-8FDC-42A3-9474-1A3956D46DE8}") = ".root", ".root", "{B79A5CE7-04D9-4484-BEE0-AC9A57583840}"
	ProjectSection(SolutionItems) = preProject
		justfile = justfile
		LICENSE.md = LICENSE.md
		README.md = README.md
		Directory.Packages.props = Directory.Packages.props
		Directory.Build.targets = Directory.Build.targets
		Directory.Build.props = Directory.Build.props
		.gitignore = .gitignore
		.editorconfig = .editorconfig
	EndProjectSection
EndProject
Project("{FAE04EC0-301F-11D3-BF4B-00C04F79EFBC}") = "Gnome.SourceGen", "src\SourceGen\Gnome.SourceGen.csproj", "{DB0A5182-4256-43C2-91F5-1BE77FE2FBC2}"
EndProject
Project("{FAE04EC0-301F-11D3-BF4B-00C04F79EFBC}") = "Gnome.Exec", "src\Exec\Gnome.Exec.csproj", "{7945CCEC-D1FF-4344-946F-5B910A90F8DF}"
EndProject
Project("{FAE04EC0-301F-11D3-BF4B-00C04F79EFBC}") = "Gnome.Text.DotEnv", "src\Text.DotEnv\Gnome.Text.DotEnv.csproj", "{403494A6-0F74-47ED-83C5-859D1AB9703E}"
EndProject
Project("{FAE04EC0-301F-11D3-BF4B-00C04F79EFBC}") = "Gnome.Secrets", "src\Secrets\Gnome.Secrets.csproj", "{8CC9CDC1-FFA4-4F24-9DF1-E77DCF224C6F}"
EndProject
Project("{FAE04EC0-301F-11D3-BF4B-00C04F79EFBC}") = "Gnome.Sys.Web", "src\Sys.Web\Gnome.Sys.Web.csproj", "{CA9AE58D-F058-4C8C-AC0C-AC6ED142B6BA}"
EndProject
Project("{FAE04EC0-301F-11D3-BF4B-00C04F79EFBC}") = "Gs.Data.Models", "src\Data.Models\Gs.Data.Models.csproj", "{61C148E8-E6F1-458B-AB49-598C2C165589}"
EndProject
Project("{FAE04EC0-301F-11D3-BF4B-00C04F79EFBC}") = "Gs.Data.Stores", "src\Data.Stores\Gs.Data.Stores.csproj", "{878AE135-7259-491F-AE53-EB82D780B542}"
EndProject
Project("{FAE04EC0-301F-11D3-BF4B-00C04F79EFBC}") = "Gs.Data.Migrations.Mssql", "src\Data.Migrations.Mssql\Gs.Data.Migrations.Mssql.csproj", "{A2359BD1-FE02-433B-A91F-91D8CF25F356}"
EndProject
Project("{FAE04EC0-301F-11D3-BF4B-00C04F79EFBC}") = "Gs.Data.Migrations.Sqlite", "src\Data.Migrations.Sqlite\Gs.Data.Migrations.Sqlite.csproj", "{745E1029-4789-4181-9FF2-F6D79097DCC1}"
EndProject
Project("{FAE04EC0-301F-11D3-BF4B-00C04F79EFBC}") = "Gs.Data.Migrations.Pgsql", "src\Data.Migrations.Pgsql\Gs.Data.Migrations.Pgsql.csproj", "{64E6C244-636B-42CB-A878-92A370F46938}"
EndProject
Project("{FAE04EC0-301F-11D3-BF4B-00C04F79EFBC}") = "Gs.Api", "src\Api\Gs.Api.csproj", "{89A3FA12-D6C5-4676-A983-BB72B708C271}"
EndProject
Project("{FAE04EC0-301F-11D3-BF4B-00C04F79EFBC}") = "Gs.Data.Web", "src\Data.Web\Gs.Data.Web.csproj", "{CBEEE96A-04B3-4107-B936-368779331D37}"
EndProject
Global
	GlobalSection(SolutionConfigurationPlatforms) = preSolution
		Debug|Any CPU = Debug|Any CPU
		Release|Any CPU = Release|Any CPU
	EndGlobalSection
	GlobalSection(SolutionProperties) = preSolution
		HideSolutionNode = FALSE
	EndGlobalSection
	GlobalSection(ProjectConfigurationPlatforms) = postSolution
		{662DE543-2534-4B1B-8039-975369B8E54F}.Debug|Any CPU.ActiveCfg = Debug|Any CPU
		{662DE543-2534-4B1B-8039-975369B8E54F}.Debug|Any CPU.Build.0 = Debug|Any CPU
		{662DE543-2534-4B1B-8039-975369B8E54F}.Release|Any CPU.ActiveCfg = Release|Any CPU
		{662DE543-2534-4B1B-8039-975369B8E54F}.Release|Any CPU.Build.0 = Release|Any CPU
		{167B0436-811E-4325-9B2B-70782DD08F34}.Debug|Any CPU.ActiveCfg = Debug|Any CPU
		{167B0436-811E-4325-9B2B-70782DD08F34}.Debug|Any CPU.Build.0 = Debug|Any CPU
		{167B0436-811E-4325-9B2B-70782DD08F34}.Release|Any CPU.ActiveCfg = Release|Any CPU
		{167B0436-811E-4325-9B2B-70782DD08F34}.Release|Any CPU.Build.0 = Release|Any CPU
		{DB0A5182-4256-43C2-91F5-1BE77FE2FBC2}.Debug|Any CPU.ActiveCfg = Debug|Any CPU
		{DB0A5182-4256-43C2-91F5-1BE77FE2FBC2}.Debug|Any CPU.Build.0 = Debug|Any CPU
		{DB0A5182-4256-43C2-91F5-1BE77FE2FBC2}.Release|Any CPU.ActiveCfg = Release|Any CPU
		{DB0A5182-4256-43C2-91F5-1BE77FE2FBC2}.Release|Any CPU.Build.0 = Release|Any CPU
		{7945CCEC-D1FF-4344-946F-5B910A90F8DF}.Debug|Any CPU.ActiveCfg = Debug|Any CPU
		{7945CCEC-D1FF-4344-946F-5B910A90F8DF}.Debug|Any CPU.Build.0 = Debug|Any CPU
		{7945CCEC-D1FF-4344-946F-5B910A90F8DF}.Release|Any CPU.ActiveCfg = Release|Any CPU
		{7945CCEC-D1FF-4344-946F-5B910A90F8DF}.Release|Any CPU.Build.0 = Release|Any CPU
		{403494A6-0F74-47ED-83C5-859D1AB9703E}.Debug|Any CPU.ActiveCfg = Debug|Any CPU
		{403494A6-0F74-47ED-83C5-859D1AB9703E}.Debug|Any CPU.Build.0 = Debug|Any CPU
		{403494A6-0F74-47ED-83C5-859D1AB9703E}.Release|Any CPU.ActiveCfg = Release|Any CPU
		{403494A6-0F74-47ED-83C5-859D1AB9703E}.Release|Any CPU.Build.0 = Release|Any CPU
		{8CC9CDC1-FFA4-4F24-9DF1-E77DCF224C6F}.Debug|Any CPU.ActiveCfg = Debug|Any CPU
		{8CC9CDC1-FFA4-4F24-9DF1-E77DCF224C6F}.Debug|Any CPU.Build.0 = Debug|Any CPU
		{8CC9CDC1-FFA4-4F24-9DF1-E77DCF224C6F}.Release|Any CPU.ActiveCfg = Release|Any CPU
		{8CC9CDC1-FFA4-4F24-9DF1-E77DCF224C6F}.Release|Any CPU.Build.0 = Release|Any CPU
		{CA9AE58D-F058-4C8C-AC0C-AC6ED142B6BA}.Debug|Any CPU.ActiveCfg = Debug|Any CPU
		{CA9AE58D-F058-4C8C-AC0C-AC6ED142B6BA}.Debug|Any CPU.Build.0 = Debug|Any CPU
		{CA9AE58D-F058-4C8C-AC0C-AC6ED142B6BA}.Release|Any CPU.ActiveCfg = Release|Any CPU
		{CA9AE58D-F058-4C8C-AC0C-AC6ED142B6BA}.Release|Any CPU.Build.0 = Release|Any CPU
		{61C148E8-E6F1-458B-AB49-598C2C165589}.Debug|Any CPU.ActiveCfg = Debug|Any CPU
		{61C148E8-E6F1-458B-AB49-598C2C165589}.Debug|Any CPU.Build.0 = Debug|Any CPU
		{61C148E8-E6F1-458B-AB49-598C2C165589}.Release|Any CPU.ActiveCfg = Release|Any CPU
		{61C148E8-E6F1-458B-AB49-598C2C165589}.Release|Any CPU.Build.0 = Release|Any CPU
		{878AE135-7259-491F-AE53-EB82D780B542}.Debug|Any CPU.ActiveCfg = Debug|Any CPU
		{878AE135-7259-491F-AE53-EB82D780B542}.Debug|Any CPU.Build.0 = Debug|Any CPU
		{878AE135-7259-491F-AE53-EB82D780B542}.Release|Any CPU.ActiveCfg = Release|Any CPU
		{878AE135-7259-491F-AE53-EB82D780B542}.Release|Any CPU.Build.0 = Release|Any CPU
		{A2359BD1-FE02-433B-A91F-91D8CF25F356}.Debug|Any CPU.ActiveCfg = Debug|Any CPU
		{A2359BD1-FE02-433B-A91F-91D8CF25F356}.Debug|Any CPU.Build.0 = Debug|Any CPU
		{A2359BD1-FE02-433B-A91F-91D8CF25F356}.Release|Any CPU.ActiveCfg = Release|Any CPU
		{A2359BD1-FE02-433B-A91F-91D8CF25F356}.Release|Any CPU.Build.0 = Release|Any CPU
		{745E1029-4789-4181-9FF2-F6D79097DCC1}.Debug|Any CPU.ActiveCfg = Debug|Any CPU
		{745E1029-4789-4181-9FF2-F6D79097DCC1}.Debug|Any CPU.Build.0 = Debug|Any CPU
		{745E1029-4789-4181-9FF2-F6D79097DCC1}.Release|Any CPU.ActiveCfg = Release|Any CPU
		{745E1029-4789-4181-9FF2-F6D79097DCC1}.Release|Any CPU.Build.0 = Release|Any CPU
		{64E6C244-636B-42CB-A878-92A370F46938}.Debug|Any CPU.ActiveCfg = Debug|Any CPU
		{64E6C244-636B-42CB-A878-92A370F46938}.Debug|Any CPU.Build.0 = Debug|Any CPU
		{64E6C244-636B-42CB-A878-92A370F46938}.Release|Any CPU.ActiveCfg = Release|Any CPU
		{64E6C244-636B-42CB-A878-92A370F46938}.Release|Any CPU.Build.0 = Release|Any CPU
		{89A3FA12-D6C5-4676-A983-BB72B708C271}.Debug|Any CPU.ActiveCfg = Debug|Any CPU
		{89A3FA12-D6C5-4676-A983-BB72B708C271}.Debug|Any CPU.Build.0 = Debug|Any CPU
		{89A3FA12-D6C5-4676-A983-BB72B708C271}.Release|Any CPU.ActiveCfg = Release|Any CPU
		{89A3FA12-D6C5-4676-A983-BB72B708C271}.Release|Any CPU.Build.0 = Release|Any CPU
		{CBEEE96A-04B3-4107-B936-368779331D37}.Debug|Any CPU.ActiveCfg = Debug|Any CPU
		{CBEEE96A-04B3-4107-B936-368779331D37}.Debug|Any CPU.Build.0 = Debug|Any CPU
		{CBEEE96A-04B3-4107-B936-368779331D37}.Release|Any CPU.ActiveCfg = Release|Any CPU
		{CBEEE96A-04B3-4107-B936-368779331D37}.Release|Any CPU.Build.0 = Release|Any CPU
	EndGlobalSection
	GlobalSection(NestedProjects) = preSolution
		{662DE543-2534-4B1B-8039-975369B8E54F} = {D6B550BD-0EBD-422A-AB09-F205BAD28E8E}
		{167B0436-811E-4325-9B2B-70782DD08F34} = {D6B550BD-0EBD-422A-AB09-F205BAD28E8E}
		{DB0A5182-4256-43C2-91F5-1BE77FE2FBC2} = {D6B550BD-0EBD-422A-AB09-F205BAD28E8E}
		{7945CCEC-D1FF-4344-946F-5B910A90F8DF} = {D6B550BD-0EBD-422A-AB09-F205BAD28E8E}
		{403494A6-0F74-47ED-83C5-859D1AB9703E} = {D6B550BD-0EBD-422A-AB09-F205BAD28E8E}
		{8CC9CDC1-FFA4-4F24-9DF1-E77DCF224C6F} = {D6B550BD-0EBD-422A-AB09-F205BAD28E8E}
		{CA9AE58D-F058-4C8C-AC0C-AC6ED142B6BA} = {D6B550BD-0EBD-422A-AB09-F205BAD28E8E}
		{61C148E8-E6F1-458B-AB49-598C2C165589} = {D6B550BD-0EBD-422A-AB09-F205BAD28E8E}
		{878AE135-7259-491F-AE53-EB82D780B542} = {D6B550BD-0EBD-422A-AB09-F205BAD28E8E}
		{A2359BD1-FE02-433B-A91F-91D8CF25F356} = {D6B550BD-0EBD-422A-AB09-F205BAD28E8E}
		{745E1029-4789-4181-9FF2-F6D79097DCC1} = {D6B550BD-0EBD-422A-AB09-F205BAD28E8E}
		{64E6C244-636B-42CB-A878-92A370F46938} = {D6B550BD-0EBD-422A-AB09-F205BAD28E8E}
		{89A3FA12-D6C5-4676-A983-BB72B708C271} = {D6B550BD-0EBD-422A-AB09-F205BAD28E8E}
		{CBEEE96A-04B3-4107-B936-368779331D37} = {D6B550BD-0EBD-422A-AB09-F205BAD28E8E}
	EndGlobalSection
EndGlobal
