
Microsoft Visual Studio Solution File, Format Version 12.00
# Visual Studio Version 17
VisualStudioVersion = 17.0.31903.59
MinimumVisualStudioVersion = 10.0.40219.1
Project("{2150E333-8FDC-42A3-9474-1A3956D46DE8}") = "src", "src", "{D6B550BD-0EBD-422A-AB09-F205BAD28E8E}"
EndProject
Project("{FAE04EC0-301F-11D3-BF4B-00C04F79EFBC}") = "Gnome.Sys", "src\Sys\Gnome.Sys.csproj", "{662DE543-2534-4B1B-8039-975369B8E54F}"
EndProject
Project("{FAE04EC0-301F-11D3-BF4B-00C04F79EFBC}") = "Gnome.Shared", "src\Shared\Gnome.Shared.csproj", "{167B0436-811E-4325-9B2B-70782DD08F34}"
EndProject
Project("{2150E333-8FDC-42A3-9474-1A3956D46DE8}") = ".root", ".root", "{B79A5CE7-04D9-4484-BEE0-AC9A57583840}"
	ProjectSection(SolutionItems) = preProject
		justfile = justfile
		LICENSE.md = LICENSE.md
		README.md = README.md
		Directory.Packages.props = Directory.Packages.props
		Directory.Build.targets = Directory.Build.targets
		Directory.Build.props = Directory.Build.props
		.gitignore = .gitignore
		.editorconfig = .editorconfig
	EndProjectSection
EndProject
Project("{FAE04EC0-301F-11D3-BF4B-00C04F79EFBC}") = "Gnome.SourceGen", "src\SourceGen\Gnome.SourceGen.csproj", "{DB0A5182-4256-43C2-91F5-1BE77FE2FBC2}"
EndProject
Project("{FAE04EC0-301F-11D3-BF4B-00C04F79EFBC}") = "Gnome.Exec", "src\Exec\Gnome.Exec.csproj", "{7945CCEC-D1FF-4344-946F-5B910A90F8DF}"
EndProject
Project("{FAE04EC0-301F-11D3-BF4B-00C04F79EFBC}") = "Gnome.Text.DotEnv", "src\Text.DotEnv\Gnome.Text.DotEnv.csproj", "{403494A6-0F74-47ED-83C5-859D1AB9703E}"
EndProject
Project("{FAE04EC0-301F-11D3-BF4B-00C04F79EFBC}") = "Gnome.Secrets", "src\Secrets\Gnome.Secrets.csproj", "{8CC9CDC1-FFA4-4F24-9DF1-E77DCF224C6F}"
EndProject
Project("{FAE04EC0-301F-11D3-BF4B-00C04F79EFBC}") = "Gs.ApiSvc", "src\ApiSvc\Gs.ApiSvc.csproj", "{85A3A4C5-D6B5-4B91-975D-C5ABD44C5667}"
EndProject
Project("{FAE04EC0-301F-11D3-BF4B-00C04F79EFBC}") = "Gs.Modules.EntityFrameworkCore.Abstractions", "src\Modules.EntityFrameworkCore.Abstractions\Gs.Modules.EntityFrameworkCore.Abstractions.csproj", "{E2E9A792-1EA8-4942-8012-A357AE97C2FF}"
EndProject
Project("{FAE04EC0-301F-11D3-BF4B-00C04F79EFBC}") = "Gs.Modules.Sec.Abstractions", "src\Modules.Sec.Abstractions\Gs.Modules.Sec.Abstractions.csproj", "{26545C9A-6ACC-42E6-87BB-6EF4727CDB7D}"
EndProject
Project("{FAE04EC0-301F-11D3-BF4B-00C04F79EFBC}") = "Gs.Modules.Sec", "src\Modules.Sec\Gs.Modules.Sec.csproj", "{24B53590-84D2-4CE0-8FCA-2BD51A729EA7}"
EndProject
Project("{FAE04EC0-301F-11D3-BF4B-00C04F79EFBC}") = "Gnome.Sys.Web", "src\Sys.Web\Gnome.Sys.Web.csproj", "{CA9AE58D-F058-4C8C-AC0C-AC6ED142B6BA}"
EndProject
Project("{FAE04EC0-301F-11D3-BF4B-00C04F79EFBC}") = "Gnome.Modules.AspNetCore.Abstractions", "src\Modules.AspNetCore.Abstractions\Gnome.Modules.AspNetCore.Abstractions.csproj", "{D5C7DF38-0D18-42F7-A5EF-6D5E7F5971C9}"
EndProject
Project("{FAE04EC0-301F-11D3-BF4B-00C04F79EFBC}") = "Gnome.Extensions.EntityFrameworkCore", "src\Extensions.EntityFrameworkCore\Gnome.Extensions.EntityFrameworkCore.csproj", "{14FC4EF3-F157-40A3-BDD9-0588E0A93CEE}"
EndProject
Project("{FAE04EC0-301F-11D3-BF4B-00C04F79EFBC}") = "Gnome.Extensions.AspNetCore.Primitives", "src\Extensions.AspNetCore.Primitives\Gnome.Extensions.AspNetCore.Primitives.csproj", "{AF691788-1BCD-4EBD-B702-9D76C7D3AD3A}"
EndProject
Project("{FAE04EC0-301F-11D3-BF4B-00C04F79EFBC}") = "Gnome.Extensions.Stores.Abstractions", "src\Extensions.Stores.Abstractions\Gnome.Extensions.Stores.Abstractions.csproj", "{746EEF55-E672-4FA4-9E91-B8F548F46DE7}"
EndProject
Project("{FAE04EC0-301F-11D3-BF4B-00C04F79EFBC}") = "Gnome.Extensions.FluentValidation", "src\Extensions.FluentValidation\Gnome.Extensions.FluentValidation.csproj", "{A8D1A189-7020-4ADD-A902-8D4AB52A0A53}"
EndProject
Project("{FAE04EC0-301F-11D3-BF4B-00C04F79EFBC}") = "Gnome.Extensions.Sec.EntityFrameworkCore", "src\Extensions.Sec.EntityFrameworkCore\Gnome.Extensions.Sec.EntityFrameworkCore.csproj", "{C2A4954A-8CB9-4BAA-9247-FC52BA57D7FE}"
EndProject
Project("{FAE04EC0-301F-11D3-BF4B-00C04F79EFBC}") = "Gnome.Extensions.Sec.Core", "src\Extensions.Sec.Core\Gnome.Extensions.Sec.Core.csproj", "{6A2C96F1-74AD-41FB-B052-D33B72FFED92}"
EndProject
Global
	GlobalSection(SolutionConfigurationPlatforms) = preSolution
		Debug|Any CPU = Debug|Any CPU
		Release|Any CPU = Release|Any CPU
	EndGlobalSection
	GlobalSection(SolutionProperties) = preSolution
		HideSolutionNode = FALSE
	EndGlobalSection
	GlobalSection(ProjectConfigurationPlatforms) = postSolution
		{662DE543-2534-4B1B-8039-975369B8E54F}.Debug|Any CPU.ActiveCfg = Debug|Any CPU
		{662DE543-2534-4B1B-8039-975369B8E54F}.Debug|Any CPU.Build.0 = Debug|Any CPU
		{662DE543-2534-4B1B-8039-975369B8E54F}.Release|Any CPU.ActiveCfg = Release|Any CPU
		{662DE543-2534-4B1B-8039-975369B8E54F}.Release|Any CPU.Build.0 = Release|Any CPU
		{167B0436-811E-4325-9B2B-70782DD08F34}.Debug|Any CPU.ActiveCfg = Debug|Any CPU
		{167B0436-811E-4325-9B2B-70782DD08F34}.Debug|Any CPU.Build.0 = Debug|Any CPU
		{167B0436-811E-4325-9B2B-70782DD08F34}.Release|Any CPU.ActiveCfg = Release|Any CPU
		{167B0436-811E-4325-9B2B-70782DD08F34}.Release|Any CPU.Build.0 = Release|Any CPU
		{DB0A5182-4256-43C2-91F5-1BE77FE2FBC2}.Debug|Any CPU.ActiveCfg = Debug|Any CPU
		{DB0A5182-4256-43C2-91F5-1BE77FE2FBC2}.Debug|Any CPU.Build.0 = Debug|Any CPU
		{DB0A5182-4256-43C2-91F5-1BE77FE2FBC2}.Release|Any CPU.ActiveCfg = Release|Any CPU
		{DB0A5182-4256-43C2-91F5-1BE77FE2FBC2}.Release|Any CPU.Build.0 = Release|Any CPU
		{7945CCEC-D1FF-4344-946F-5B910A90F8DF}.Debug|Any CPU.ActiveCfg = Debug|Any CPU
		{7945CCEC-D1FF-4344-946F-5B910A90F8DF}.Debug|Any CPU.Build.0 = Debug|Any CPU
		{7945CCEC-D1FF-4344-946F-5B910A90F8DF}.Release|Any CPU.ActiveCfg = Release|Any CPU
		{7945CCEC-D1FF-4344-946F-5B910A90F8DF}.Release|Any CPU.Build.0 = Release|Any CPU
		{403494A6-0F74-47ED-83C5-859D1AB9703E}.Debug|Any CPU.ActiveCfg = Debug|Any CPU
		{403494A6-0F74-47ED-83C5-859D1AB9703E}.Debug|Any CPU.Build.0 = Debug|Any CPU
		{403494A6-0F74-47ED-83C5-859D1AB9703E}.Release|Any CPU.ActiveCfg = Release|Any CPU
		{403494A6-0F74-47ED-83C5-859D1AB9703E}.Release|Any CPU.Build.0 = Release|Any CPU
		{8CC9CDC1-FFA4-4F24-9DF1-E77DCF224C6F}.Debug|Any CPU.ActiveCfg = Debug|Any CPU
		{8CC9CDC1-FFA4-4F24-9DF1-E77DCF224C6F}.Debug|Any CPU.Build.0 = Debug|Any CPU
		{8CC9CDC1-FFA4-4F24-9DF1-E77DCF224C6F}.Release|Any CPU.ActiveCfg = Release|Any CPU
		{8CC9CDC1-FFA4-4F24-9DF1-E77DCF224C6F}.Release|Any CPU.Build.0 = Release|Any CPU
		{85A3A4C5-D6B5-4B91-975D-C5ABD44C5667}.Debug|Any CPU.ActiveCfg = Debug|Any CPU
		{85A3A4C5-D6B5-4B91-975D-C5ABD44C5667}.Debug|Any CPU.Build.0 = Debug|Any CPU
		{85A3A4C5-D6B5-4B91-975D-C5ABD44C5667}.Release|Any CPU.ActiveCfg = Release|Any CPU
		{85A3A4C5-D6B5-4B91-975D-C5ABD44C5667}.Release|Any CPU.Build.0 = Release|Any CPU
		{E2E9A792-1EA8-4942-8012-A357AE97C2FF}.Debug|Any CPU.ActiveCfg = Debug|Any CPU
		{E2E9A792-1EA8-4942-8012-A357AE97C2FF}.Debug|Any CPU.Build.0 = Debug|Any CPU
		{E2E9A792-1EA8-4942-8012-A357AE97C2FF}.Release|Any CPU.ActiveCfg = Release|Any CPU
		{E2E9A792-1EA8-4942-8012-A357AE97C2FF}.Release|Any CPU.Build.0 = Release|Any CPU
		{26545C9A-6ACC-42E6-87BB-6EF4727CDB7D}.Debug|Any CPU.ActiveCfg = Debug|Any CPU
		{26545C9A-6ACC-42E6-87BB-6EF4727CDB7D}.Debug|Any CPU.Build.0 = Debug|Any CPU
		{26545C9A-6ACC-42E6-87BB-6EF4727CDB7D}.Release|Any CPU.ActiveCfg = Release|Any CPU
		{26545C9A-6ACC-42E6-87BB-6EF4727CDB7D}.Release|Any CPU.Build.0 = Release|Any CPU
		{24B53590-84D2-4CE0-8FCA-2BD51A729EA7}.Debug|Any CPU.ActiveCfg = Debug|Any CPU
		{24B53590-84D2-4CE0-8FCA-2BD51A729EA7}.Debug|Any CPU.Build.0 = Debug|Any CPU
		{24B53590-84D2-4CE0-8FCA-2BD51A729EA7}.Release|Any CPU.ActiveCfg = Release|Any CPU
		{24B53590-84D2-4CE0-8FCA-2BD51A729EA7}.Release|Any CPU.Build.0 = Release|Any CPU
		{CA9AE58D-F058-4C8C-AC0C-AC6ED142B6BA}.Debug|Any CPU.ActiveCfg = Debug|Any CPU
		{CA9AE58D-F058-4C8C-AC0C-AC6ED142B6BA}.Debug|Any CPU.Build.0 = Debug|Any CPU
		{CA9AE58D-F058-4C8C-AC0C-AC6ED142B6BA}.Release|Any CPU.ActiveCfg = Release|Any CPU
		{CA9AE58D-F058-4C8C-AC0C-AC6ED142B6BA}.Release|Any CPU.Build.0 = Release|Any CPU
		{D5C7DF38-0D18-42F7-A5EF-6D5E7F5971C9}.Debug|Any CPU.ActiveCfg = Debug|Any CPU
		{D5C7DF38-0D18-42F7-A5EF-6D5E7F5971C9}.Debug|Any CPU.Build.0 = Debug|Any CPU
		{D5C7DF38-0D18-42F7-A5EF-6D5E7F5971C9}.Release|Any CPU.ActiveCfg = Release|Any CPU
		{D5C7DF38-0D18-42F7-A5EF-6D5E7F5971C9}.Release|Any CPU.Build.0 = Release|Any CPU
		{14FC4EF3-F157-40A3-BDD9-0588E0A93CEE}.Debug|Any CPU.ActiveCfg = Debug|Any CPU
		{14FC4EF3-F157-40A3-BDD9-0588E0A93CEE}.Debug|Any CPU.Build.0 = Debug|Any CPU
		{14FC4EF3-F157-40A3-BDD9-0588E0A93CEE}.Release|Any CPU.ActiveCfg = Release|Any CPU
		{14FC4EF3-F157-40A3-BDD9-0588E0A93CEE}.Release|Any CPU.Build.0 = Release|Any CPU
		{AF691788-1BCD-4EBD-B702-9D76C7D3AD3A}.Debug|Any CPU.ActiveCfg = Debug|Any CPU
		{AF691788-1BCD-4EBD-B702-9D76C7D3AD3A}.Debug|Any CPU.Build.0 = Debug|Any CPU
		{AF691788-1BCD-4EBD-B702-9D76C7D3AD3A}.Release|Any CPU.ActiveCfg = Release|Any CPU
		{AF691788-1BCD-4EBD-B702-9D76C7D3AD3A}.Release|Any CPU.Build.0 = Release|Any CPU
		{746EEF55-E672-4FA4-9E91-B8F548F46DE7}.Debug|Any CPU.ActiveCfg = Debug|Any CPU
		{746EEF55-E672-4FA4-9E91-B8F548F46DE7}.Debug|Any CPU.Build.0 = Debug|Any CPU
		{746EEF55-E672-4FA4-9E91-B8F548F46DE7}.Release|Any CPU.ActiveCfg = Release|Any CPU
		{746EEF55-E672-4FA4-9E91-B8F548F46DE7}.Release|Any CPU.Build.0 = Release|Any CPU
		{A8D1A189-7020-4ADD-A902-8D4AB52A0A53}.Debug|Any CPU.ActiveCfg = Debug|Any CPU
		{A8D1A189-7020-4ADD-A902-8D4AB52A0A53}.Debug|Any CPU.Build.0 = Debug|Any CPU
		{A8D1A189-7020-4ADD-A902-8D4AB52A0A53}.Release|Any CPU.ActiveCfg = Release|Any CPU
		{A8D1A189-7020-4ADD-A902-8D4AB52A0A53}.Release|Any CPU.Build.0 = Release|Any CPU
		{C2A4954A-8CB9-4BAA-9247-FC52BA57D7FE}.Debug|Any CPU.ActiveCfg = Debug|Any CPU
		{C2A4954A-8CB9-4BAA-9247-FC52BA57D7FE}.Debug|Any CPU.Build.0 = Debug|Any CPU
		{C2A4954A-8CB9-4BAA-9247-FC52BA57D7FE}.Release|Any CPU.ActiveCfg = Release|Any CPU
		{C2A4954A-8CB9-4BAA-9247-FC52BA57D7FE}.Release|Any CPU.Build.0 = Release|Any CPU
		{6A2C96F1-74AD-41FB-B052-D33B72FFED92}.Debug|Any CPU.ActiveCfg = Debug|Any CPU
		{6A2C96F1-74AD-41FB-B052-D33B72FFED92}.Debug|Any CPU.Build.0 = Debug|Any CPU
		{6A2C96F1-74AD-41FB-B052-D33B72FFED92}.Release|Any CPU.ActiveCfg = Release|Any CPU
		{6A2C96F1-74AD-41FB-B052-D33B72FFED92}.Release|Any CPU.Build.0 = Release|Any CPU
	EndGlobalSection
	GlobalSection(NestedProjects) = preSolution
		{662DE543-2534-4B1B-8039-975369B8E54F} = {D6B550BD-0EBD-422A-AB09-F205BAD28E8E}
		{167B0436-811E-4325-9B2B-70782DD08F34} = {D6B550BD-0EBD-422A-AB09-F205BAD28E8E}
		{DB0A5182-4256-43C2-91F5-1BE77FE2FBC2} = {D6B550BD-0EBD-422A-AB09-F205BAD28E8E}
		{7945CCEC-D1FF-4344-946F-5B910A90F8DF} = {D6B550BD-0EBD-422A-AB09-F205BAD28E8E}
		{403494A6-0F74-47ED-83C5-859D1AB9703E} = {D6B550BD-0EBD-422A-AB09-F205BAD28E8E}
		{8CC9CDC1-FFA4-4F24-9DF1-E77DCF224C6F} = {D6B550BD-0EBD-422A-AB09-F205BAD28E8E}
		{85A3A4C5-D6B5-4B91-975D-C5ABD44C5667} = {D6B550BD-0EBD-422A-AB09-F205BAD28E8E}
		{E2E9A792-1EA8-4942-8012-A357AE97C2FF} = {D6B550BD-0EBD-422A-AB09-F205BAD28E8E}
		{26545C9A-6ACC-42E6-87BB-6EF4727CDB7D} = {D6B550BD-0EBD-422A-AB09-F205BAD28E8E}
		{24B53590-84D2-4CE0-8FCA-2BD51A729EA7} = {D6B550BD-0EBD-422A-AB09-F205BAD28E8E}
		{CA9AE58D-F058-4C8C-AC0C-AC6ED142B6BA} = {D6B550BD-0EBD-422A-AB09-F205BAD28E8E}
		{D5C7DF38-0D18-42F7-A5EF-6D5E7F5971C9} = {D6B550BD-0EBD-422A-AB09-F205BAD28E8E}
		{14FC4EF3-F157-40A3-BDD9-0588E0A93CEE} = {D6B550BD-0EBD-422A-AB09-F205BAD28E8E}
		{AF691788-1BCD-4EBD-B702-9D76C7D3AD3A} = {D6B550BD-0EBD-422A-AB09-F205BAD28E8E}
		{746EEF55-E672-4FA4-9E91-B8F548F46DE7} = {D6B550BD-0EBD-422A-AB09-F205BAD28E8E}
		{A8D1A189-7020-4ADD-A902-8D4AB52A0A53} = {D6B550BD-0EBD-422A-AB09-F205BAD28E8E}
		{C2A4954A-8CB9-4BAA-9247-FC52BA57D7FE} = {D6B550BD-0EBD-422A-AB09-F205BAD28E8E}
		{6A2C96F1-74AD-41FB-B052-D33B72FFED92} = {D6B550BD-0EBD-422A-AB09-F205BAD28E8E}
	EndGlobalSection
EndGlobal
