
Microsoft Visual Studio Solution File, Format Version 12.00
# Visual Studio Version 17
VisualStudioVersion = 17.0.31903.59
MinimumVisualStudioVersion = 10.0.40219.1
Project("{2150E333-8FDC-42A3-9474-1A3956D46DE8}") = "src", "src", "{D6B550BD-0EBD-422A-AB09-F205BAD28E8E}"
EndProject
Project("{FAE04EC0-301F-11D3-BF4B-00C04F79EFBC}") = "Gnome.Sys", "src\Sys\Gnome.Sys.csproj", "{662DE543-2534-4B1B-8039-975369B8E54F}"
EndProject
Project("{FAE04EC0-301F-11D3-BF4B-00C04F79EFBC}") = "Gnome.Shared", "src\Shared\Gnome.Shared.csproj", "{167B0436-811E-4325-9B2B-70782DD08F34}"
EndProject
Project("{2150E333-8FDC-42A3-9474-1A3956D46DE8}") = ".root", ".root", "{B79A5CE7-04D9-4484-BEE0-AC9A57583840}"
	ProjectSection(SolutionItems) = preProject
		justfile = justfile
		LICENSE.md = LICENSE.md
		README.md = README.md
		Directory.Packages.props = Directory.Packages.props
		Directory.Build.targets = Directory.Build.targets
		Directory.Build.props = Directory.Build.props
		.gitignore = .gitignore
		.editorconfig = .editorconfig
	EndProjectSection
EndProject
Project("{FAE04EC0-301F-11D3-BF4B-00C04F79EFBC}") = "Gnome.SourceGen", "src\SourceGen\Gnome.SourceGen.csproj", "{DB0A5182-4256-43C2-91F5-1BE77FE2FBC2}"
EndProject
Project("{FAE04EC0-301F-11D3-BF4B-00C04F79EFBC}") = "Gnome.Exec", "src\Exec\Gnome.Exec.csproj", "{7945CCEC-D1FF-4344-946F-5B910A90F8DF}"
EndProject
Global
	GlobalSection(SolutionConfigurationPlatforms) = preSolution
		Debug|Any CPU = Debug|Any CPU
		Release|Any CPU = Release|Any CPU
	EndGlobalSection
	GlobalSection(SolutionProperties) = preSolution
		HideSolutionNode = FALSE
	EndGlobalSection
	GlobalSection(ProjectConfigurationPlatforms) = postSolution
		{662DE543-2534-4B1B-8039-975369B8E54F}.Debug|Any CPU.ActiveCfg = Debug|Any CPU
		{662DE543-2534-4B1B-8039-975369B8E54F}.Debug|Any CPU.Build.0 = Debug|Any CPU
		{662DE543-2534-4B1B-8039-975369B8E54F}.Release|Any CPU.ActiveCfg = Release|Any CPU
		{662DE543-2534-4B1B-8039-975369B8E54F}.Release|Any CPU.Build.0 = Release|Any CPU
		{167B0436-811E-4325-9B2B-70782DD08F34}.Debug|Any CPU.ActiveCfg = Debug|Any CPU
		{167B0436-811E-4325-9B2B-70782DD08F34}.Debug|Any CPU.Build.0 = Debug|Any CPU
		{167B0436-811E-4325-9B2B-70782DD08F34}.Release|Any CPU.ActiveCfg = Release|Any CPU
		{167B0436-811E-4325-9B2B-70782DD08F34}.Release|Any CPU.Build.0 = Release|Any CPU
		{DB0A5182-4256-43C2-91F5-1BE77FE2FBC2}.Debug|Any CPU.ActiveCfg = Debug|Any CPU
		{DB0A5182-4256-43C2-91F5-1BE77FE2FBC2}.Debug|Any CPU.Build.0 = Debug|Any CPU
		{DB0A5182-4256-43C2-91F5-1BE77FE2FBC2}.Release|Any CPU.ActiveCfg = Release|Any CPU
		{DB0A5182-4256-43C2-91F5-1BE77FE2FBC2}.Release|Any CPU.Build.0 = Release|Any CPU
		{7945CCEC-D1FF-4344-946F-5B910A90F8DF}.Debug|Any CPU.ActiveCfg = Debug|Any CPU
		{7945CCEC-D1FF-4344-946F-5B910A90F8DF}.Debug|Any CPU.Build.0 = Debug|Any CPU
		{7945CCEC-D1FF-4344-946F-5B910A90F8DF}.Release|Any CPU.ActiveCfg = Release|Any CPU
		{7945CCEC-D1FF-4344-946F-5B910A90F8DF}.Release|Any CPU.Build.0 = Release|Any CPU
	EndGlobalSection
	GlobalSection(NestedProjects) = preSolution
		{662DE543-2534-4B1B-8039-975369B8E54F} = {D6B550BD-0EBD-422A-AB09-F205BAD28E8E}
		{167B0436-811E-4325-9B2B-70782DD08F34} = {D6B550BD-0EBD-422A-AB09-F205BAD28E8E}
		{DB0A5182-4256-43C2-91F5-1BE77FE2FBC2} = {D6B550BD-0EBD-422A-AB09-F205BAD28E8E}
		{7945CCEC-D1FF-4344-946F-5B910A90F8DF} = {D6B550BD-0EBD-422A-AB09-F205BAD28E8E}
	EndGlobalSection
EndGlobal
